PODS:
  - Cosmos (11.0.3)
  - GoogleMaps (2.4.0):
    - GoogleMaps/Maps (= 2.4.0)
  - GoogleMaps/Base (2.4.0)
  - GoogleMaps/Maps (2.4.0):
    - GoogleMaps/Base

DEPENDENCIES:
  - Cosmos
  - GoogleMaps

SPEC CHECKSUMS:
  Cosmos: eb506859929f4add2d2aec822a27efb2f718a95d
  GoogleMaps: 8436ab5d1c25e36915b2f7416d0c8e3fa2e76c61

PODFILE CHECKSUM: 1ac6402c320b22335a78f26c88fdb3b115b5eb76

COCOAPODS: 1.2.1
